
Microsoft Visual Studio Solution File, Format Version 12.00
# Visual Studio Version 17
VisualStudioVersion = 17.0.31912.275
MinimumVisualStudioVersion = 10.0.40219.1
Project("{FAE04EC0-301F-11D3-BF4B-00C04F79EFBC}") = "ConsoleApp4", "ConsoleApp4\ConsoleApp4.csproj", "{FB0117E9-5C01-446C-9B65-85AEF942E142}"
EndProject
Global
	GlobalSection(SolutionConfigurationPlatforms) = preSolution
		Debug|Any CPU = Debug|Any CPU
		Release|Any CPU = Release|Any CPU
	EndGlobalSection
	GlobalSection(ProjectConfigurationPlatforms) = postSolution
		{FB0117E9-5C01-446C-9B65-85AEF942E142}.Debug|Any CPU.ActiveCfg = Debug|Any CPU
		{FB0117E9-5C01-446C-9B65-85AEF942E142}.Debug|Any CPU.Build.0 = Debug|Any CPU
		{FB0117E9-5C01-446C-9B65-85AEF942E142}.Release|Any CPU.ActiveCfg = Release|Any CPU
		{FB0117E9-5C01-446C-9B65-85AEF942E142}.Release|Any CPU.Build.0 = Release|Any CPU
	EndGlobalSection
	GlobalSection(SolutionProperties) = preSolution
		HideSolutionNode = FALSE
	EndGlobalSection
	GlobalSection(ExtensibilityGlobals) = postSolution
		SolutionGuid = {99993963-0EB9-468F-9651-FD10F754BD24}
	EndGlobalSection
EndGlobal
